
Microsoft Visual Studio Solution File, Format Version 12.00
# Visual Studio Version 17
VisualStudioVersion = 17.6.33723.286
MinimumVisualStudioVersion = 10.0.40219.1
Project("{FAE04EC0-301F-11D3-BF4B-00C04F79EFBC}") = "AStarAlgorithm", "AStarAlgorithm\AStarAlgorithm.csproj", "{AF3436D8-670A-4F08-B1C0-FEDD0EC105D2}"
EndProject
Global
	GlobalSection(SolutionConfigurationPlatforms) = preSolution
		Debug|Any CPU = Debug|Any CPU
		Release|Any CPU = Release|Any CPU
	EndGlobalSection
	GlobalSection(ProjectConfigurationPlatforms) = postSolution
		{AF3436D8-670A-4F08-B1C0-FEDD0EC105D2}.Debug|Any CPU.ActiveCfg = Debug|Any CPU
		{AF3436D8-670A-4F08-B1C0-FEDD0EC105D2}.Debug|Any CPU.Build.0 = Debug|Any CPU
		{AF3436D8-670A-4F08-B1C0-FEDD0EC105D2}.Release|Any CPU.ActiveCfg = Release|Any CPU
		{AF3436D8-670A-4F08-B1C0-FEDD0EC105D2}.Release|Any CPU.Build.0 = Release|Any CPU
	EndGlobalSection
	GlobalSection(SolutionProperties) = preSolution
		HideSolutionNode = FALSE
	EndGlobalSection
	GlobalSection(ExtensibilityGlobals) = postSolution
		SolutionGuid = {72AEBFB1-4EB0-49E9-8AE3-66CEC0AA220B}
	EndGlobalSection
EndGlobal
